{
    "version": 3,
    "terraform_version": "0.11.10",
    "serial": 2,
    "lineage": "3362fe95-64b3-6a25-655a-da1524a85aa9",
    "modules": [
        {
            "path": [
                "root"
            ],
            "outputs": {
                "IPAddress": {
                    "sensitive": false,
                    "type": "string",
                    "value": "172.17.0.3"
                },
                "name": {
                    "sensitive": false,
                    "type": "string",
                    "value": "jayesh_test"
                }
            },
            "resources": {},
            "depends_on": []
        },
        {
            "path": [
                "root",
                "container"
            ],
            "outputs": {
                "IPAddress": {
                    "sensitive": false,
                    "type": "string",
                    "value": "172.17.0.3"
                },
                "Name": {
                    "sensitive": false,
                    "type": "string",
                    "value": "jayesh_test"
                }
            },
            "resources": {
                "docker_container.container_id": {
                    "type": "docker_container",
                    "depends_on": [],
                    "primary": {
                        "id": "515f92159e5398d28fb0fc88d7ac005b9a130e86b5b6e9025a4687b047563b99",
                        "attributes": {
                            "attach": "false",
                            "bridge": "",
                            "gateway": "172.17.0.1",
                            "id": "515f92159e5398d28fb0fc88d7ac005b9a130e86b5b6e9025a4687b047563b99",
                            "image": "sha256:95956a635da7d9637f79da3d858b145926e4d26b1f23b6a95327d99c0665f20c",
                            "ip_address": "172.17.0.3",
                            "ip_prefix_length": "16",
                            "log_driver": "json-file",
                            "logs": "false",
                            "must_run": "true",
                            "name": "jayesh_test",
                            "network_data.#": "1",
                            "network_data.0.gateway": "172.17.0.1",
                            "network_data.0.ip_address": "172.17.0.3",
                            "network_data.0.ip_prefix_length": "16",
                            "network_data.0.network_name": "bridge",
                            "ports.#": "1",
                            "ports.0.external": "8080",
                            "ports.0.internal": "2368",
                            "ports.0.ip": "0.0.0.0",
                            "ports.0.protocol": "tcp",
                            "restart": "no",
                            "rm": "false",
                            "start": "true"
                        },
                        "meta": {},
                        "tainted": false
                    },
                    "deposed": [],
                    "provider": "provider.docker"
                }
            },
            "depends_on": []
        },
        {
            "path": [
                "root",
                "image"
            ],
            "outputs": {
                "image_out": {
                    "sensitive": false,
                    "type": "string",
                    "value": "sha256:95956a635da7d9637f79da3d858b145926e4d26b1f23b6a95327d99c0665f20c"
                }
            },
            "resources": {
                "docker_image.image_id": {
                    "type": "docker_image",
                    "depends_on": [],
                    "primary": {
                        "id": "sha256:95956a635da7d9637f79da3d858b145926e4d26b1f23b6a95327d99c0665f20cghost:latest",
                        "attributes": {
                            "id": "sha256:95956a635da7d9637f79da3d858b145926e4d26b1f23b6a95327d99c0665f20cghost:latest",
                            "latest": "sha256:95956a635da7d9637f79da3d858b145926e4d26b1f23b6a95327d99c0665f20c",
                            "name": "ghost:latest"
                        },
                        "meta": {},
                        "tainted": false
                    },
                    "deposed": [],
                    "provider": "provider.docker"
                }
            },
            "depends_on": []
        }
    ]
}
